// !$*UTF8*$!
{
	archiveVersion = 1;
	classes = {
	};
	objectVersion = 56;
	objects = {

/* Begin PBXBuildFile section */
		4B138DD42CFF9EF5008286D5 /* GoogleSheetSearchApp.swift in Sources */ = {isa = PBXBuildFile; fileRef = 4B138DD32CFF9EF5008286D5 /* GoogleSheetSearchApp.swift */; };
		4B138DD62CFF9EF5008286D5 /* ContentView.swift in Sources */ = {isa = PBXBuildFile; fileRef = 4B138DD52CFF9EF5008286D5 /* ContentView.swift */; };
		4B138DD82CFF9EF6008286D5 /* Assets.xcassets in Resources */ = {isa = PBXBuildFile; fileRef = 4B138DD72CFF9EF6008286D5 /* Assets.xcassets */; };
		4B138DDB2CFF9EF6008286D5 /* Preview Assets.xcassets in Resources */ = {isa = PBXBuildFile; fileRef = 4B138DDA2CFF9EF6008286D5 /* Preview Assets.xcassets */; };
		4B138DE62CFF9EF6008286D5 /* GoogleSheetSearchTests.swift in Sources */ = {isa = PBXBuildFile; fileRef = 4B138DE52CFF9EF6008286D5 /* GoogleSheetSearchTests.swift */; };
		4B138DF02CFF9EF6008286D5 /* GoogleSheetSearchUITests.swift in Sources */ = {isa = PBXBuildFile; fileRef = 4B138DEF2CFF9EF6008286D5 /* GoogleSheetSearchUITests.swift */; };
		4B138DF22CFF9EF6008286D5 /* GoogleSheetSearchUITestsLaunchTests.swift in Sources */ = {isa = PBXBuildFile; fileRef = 4B138DF12CFF9EF6008286D5 /* GoogleSheetSearchUITestsLaunchTests.swift */; };
		4B138E002CFF9FDE008286D5 /* SwiftSoup in Frameworks */ = {isa = PBXBuildFile; productRef = 4B138DFF2CFF9FDE008286D5 /* SwiftSoup */; };
		4B138E022CFF9FFC008286D5 /* GoogleSheetsParser.swift in Sources */ = {isa = PBXBuildFile; fileRef = 4B138E012CFF9FFC008286D5 /* GoogleSheetsParser.swift */; };
		4B6B72A12D24506A00C2A470 /* LoginView.swift in Sources */ = {isa = PBXBuildFile; fileRef = 4B6B72A02D24506A00C2A470 /* LoginView.swift */; };
		4B6B72A32D245DE000C2A470 /* LoginModalView.swift in Sources */ = {isa = PBXBuildFile; fileRef = 4B6B72A22D245DE000C2A470 /* LoginModalView.swift */; };
		4B6B72A52D249BE200C2A470 /* Notifications.swift in Sources */ = {isa = PBXBuildFile; fileRef = 4B6B72A42D249BE200C2A470 /* Notifications.swift */; };
		4B6B72A72D26D61500C2A470 /* SignupFormView.swift in Sources */ = {isa = PBXBuildFile; fileRef = 4B6B72A62D26D61500C2A470 /* SignupFormView.swift */; };
		4B6B72AC2D26F9AA00C2A470 /* URLImage in Frameworks */ = {isa = PBXBuildFile; productRef = 4B6B72AB2D26F9AA00C2A470 /* URLImage */; };
		4B6B72AE2D26F9AA00C2A470 /* URLImageStore in Frameworks */ = {isa = PBXBuildFile; productRef = 4B6B72AD2D26F9AA00C2A470 /* URLImageStore */; };
		4B6B72B02D2709C900C2A470 /* MenuBarManager.swift in Sources */ = {isa = PBXBuildFile; fileRef = 4B6B72AF2D2709C900C2A470 /* MenuBarManager.swift */; };
/* End PBXBuildFile section */

/* Begin PBXContainerItemProxy section */
		4B138DE22CFF9EF6008286D5 /* PBXContainerItemProxy */ = {
			isa = PBXContainerItemProxy;
			containerPortal = 4B138DC82CFF9EF5008286D5 /* Project object */;
			proxyType = 1;
			remoteGlobalIDString = 4B138DCF2CFF9EF5008286D5;
			remoteInfo = GoogleSheetSearch;
		};
		4B138DEC2CFF9EF6008286D5 /* PBXContainerItemProxy */ = {
			isa = PBXContainerItemProxy;
			containerPortal = 4B138DC82CFF9EF5008286D5 /* Project object */;
			proxyType = 1;
			remoteGlobalIDString = 4B138DCF2CFF9EF5008286D5;
			remoteInfo = GoogleSheetSearch;
		};
/* End PBXContainerItemProxy section */

/* Begin PBXFileReference section */
		4B138DD02CFF9EF5008286D5 /* GoogleSheetSearch.app */ = {isa = PBXFileReference; explicitFileType = wrapper.application; includeInIndex = 0; path = GoogleSheetSearch.app; sourceTree = BUILT_PRODUCTS_DIR; };
		4B138DD32CFF9EF5008286D5 /* GoogleSheetSearchApp.swift */ = {isa = PBXFileReference; lastKnownFileType = sourcecode.swift; path = GoogleSheetSearchApp.swift; sourceTree = "<group>"; };
		4B138DD52CFF9EF5008286D5 /* ContentView.swift */ = {isa = PBXFileReference; lastKnownFileType = sourcecode.swift; path = ContentView.swift; sourceTree = "<group>"; };
		4B138DD72CFF9EF6008286D5 /* Assets.xcassets */ = {isa = PBXFileReference; lastKnownFileType = folder.assetcatalog; path = Assets.xcassets; sourceTree = "<group>"; };
		4B138DDA2CFF9EF6008286D5 /* Preview Assets.xcassets */ = {isa = PBXFileReference; lastKnownFileType = folder.assetcatalog; path = "Preview Assets.xcassets"; sourceTree = "<group>"; };
		4B138DDC2CFF9EF6008286D5 /* GoogleSheetSearch.entitlements */ = {isa = PBXFileReference; lastKnownFileType = text.plist.entitlements; path = GoogleSheetSearch.entitlements; sourceTree = "<group>"; };
		4B138DE12CFF9EF6008286D5 /* GoogleSheetSearchTests.xctest */ = {isa = PBXFileReference; explicitFileType = wrapper.cfbundle; includeInIndex = 0; path = GoogleSheetSearchTests.xctest; sourceTree = BUILT_PRODUCTS_DIR; };
		4B138DE52CFF9EF6008286D5 /* GoogleSheetSearchTests.swift */ = {isa = PBXFileReference; lastKnownFileType = sourcecode.swift; path = GoogleSheetSearchTests.swift; sourceTree = "<group>"; };
		4B138DEB2CFF9EF6008286D5 /* GoogleSheetSearchUITests.xctest */ = {isa = PBXFileReference; explicitFileType = wrapper.cfbundle; includeInIndex = 0; path = GoogleSheetSearchUITests.xctest; sourceTree = BUILT_PRODUCTS_DIR; };
		4B138DEF2CFF9EF6008286D5 /* GoogleSheetSearchUITests.swift */ = {isa = PBXFileReference; lastKnownFileType = sourcecode.swift; path = GoogleSheetSearchUITests.swift; sourceTree = "<group>"; };
		4B138DF12CFF9EF6008286D5 /* GoogleSheetSearchUITestsLaunchTests.swift */ = {isa = PBXFileReference; lastKnownFileType = sourcecode.swift; path = GoogleSheetSearchUITestsLaunchTests.swift; sourceTree = "<group>"; };
		4B138E012CFF9FFC008286D5 /* GoogleSheetsParser.swift */ = {isa = PBXFileReference; lastKnownFileType = sourcecode.swift; path = GoogleSheetsParser.swift; sourceTree = "<group>"; };
		4B1E170E2D27535D0084F41E /* Info.plist */ = {isa = PBXFileReference; lastKnownFileType = text.plist; path = Info.plist; sourceTree = "<group>"; };
		4B6B72A02D24506A00C2A470 /* LoginView.swift */ = {isa = PBXFileReference; lastKnownFileType = sourcecode.swift; path = LoginView.swift; sourceTree = "<group>"; };
		4B6B72A22D245DE000C2A470 /* LoginModalView.swift */ = {isa = PBXFileReference; lastKnownFileType = sourcecode.swift; path = LoginModalView.swift; sourceTree = "<group>"; };
		4B6B72A42D249BE200C2A470 /* Notifications.swift */ = {isa = PBXFileReference; lastKnownFileType = sourcecode.swift; path = Notifications.swift; sourceTree = "<group>"; };
		4B6B72A62D26D61500C2A470 /* SignupFormView.swift */ = {isa = PBXFileReference; lastKnownFileType = sourcecode.swift; path = SignupFormView.swift; sourceTree = "<group>"; };
		4B6B72AF2D2709C900C2A470 /* MenuBarManager.swift */ = {isa = PBXFileReference; lastKnownFileType = sourcecode.swift; path = MenuBarManager.swift; sourceTree = "<group>"; };
/* End PBXFileReference section */

/* Begin PBXFrameworksBuildPhase section */
		4B138DCD2CFF9EF5008286D5 /* Frameworks */ = {
			isa = PBXFrameworksBuildPhase;
			buildActionMask = 2147483647;
			files = (
				4B6B72AC2D26F9AA00C2A470 /* URLImage in Frameworks */,
				4B6B72AE2D26F9AA00C2A470 /* URLImageStore in Frameworks */,
				4B138E002CFF9FDE008286D5 /* SwiftSoup in Frameworks */,
			);
			runOnlyForDeploymentPostprocessing = 0;
		};
		4B138DDE2CFF9EF6008286D5 /* Frameworks */ = {
			isa = PBXFrameworksBuildPhase;
			buildActionMask = 2147483647;
			files = (
			);
			runOnlyForDeploymentPostprocessing = 0;
		};
		4B138DE82CFF9EF6008286D5 /* Frameworks */ = {
			isa = PBXFrameworksBuildPhase;
			buildActionMask = 2147483647;
			files = (
			);
			runOnlyForDeploymentPostprocessing = 0;
		};
/* End PBXFrameworksBuildPhase section */

/* Begin PBXGroup section */
		4B138DC72CFF9EF5008286D5 = {
			isa = PBXGroup;
			children = (
				4B138DD22CFF9EF5008286D5 /* GoogleSheetSearch */,
				4B138DE42CFF9EF6008286D5 /* GoogleSheetSearchTests */,
				4B138DEE2CFF9EF6008286D5 /* GoogleSheetSearchUITests */,
				4B138DD12CFF9EF5008286D5 /* Products */,
			);
			sourceTree = "<group>";
		};
		4B138DD12CFF9EF5008286D5 /* Products */ = {
			isa = PBXGroup;
			children = (
				4B138DD02CFF9EF5008286D5 /* GoogleSheetSearch.app */,
				4B138DE12CFF9EF6008286D5 /* GoogleSheetSearchTests.xctest */,
				4B138DEB2CFF9EF6008286D5 /* GoogleSheetSearchUITests.xctest */,
			);
			name = Products;
			sourceTree = "<group>";
		};
		4B138DD22CFF9EF5008286D5 /* GoogleSheetSearch */ = {
			isa = PBXGroup;
			children = (
				4B1E170E2D27535D0084F41E /* Info.plist */,
				4B6B72A02D24506A00C2A470 /* LoginView.swift */,
				4B6B72A62D26D61500C2A470 /* SignupFormView.swift */,
				4B6B72A22D245DE000C2A470 /* LoginModalView.swift */,
				4B138DD32CFF9EF5008286D5 /* GoogleSheetSearchApp.swift */,
				4B138E012CFF9FFC008286D5 /* GoogleSheetsParser.swift */,
				4B138DD52CFF9EF5008286D5 /* ContentView.swift */,
				4B6B72AF2D2709C900C2A470 /* MenuBarManager.swift */,
				4B6B72A42D249BE200C2A470 /* Notifications.swift */,
				4B138DD72CFF9EF6008286D5 /* Assets.xcassets */,
				4B138DDC2CFF9EF6008286D5 /* GoogleSheetSearch.entitlements */,
				4B138DD92CFF9EF6008286D5 /* Preview Content */,
			);
			path = GoogleSheetSearch;
			sourceTree = "<group>";
		};
		4B138DD92CFF9EF6008286D5 /* Preview Content */ = {
			isa = PBXGroup;
			children = (
				4B138DDA2CFF9EF6008286D5 /* Preview Assets.xcassets */,
			);
			path = "Preview Content";
			sourceTree = "<group>";
		};
		4B138DE42CFF9EF6008286D5 /* GoogleSheetSearchTests */ = {
			isa = PBXGroup;
			children = (
				4B138DE52CFF9EF6008286D5 /* GoogleSheetSearchTests.swift */,
			);
			path = GoogleSheetSearchTests;
			sourceTree = "<group>";
		};
		4B138DEE2CFF9EF6008286D5 /* GoogleSheetSearchUITests */ = {
			isa = PBXGroup;
			children = (
				4B138DEF2CFF9EF6008286D5 /* GoogleSheetSearchUITests.swift */,
				4B138DF12CFF9EF6008286D5 /* GoogleSheetSearchUITestsLaunchTests.swift */,
			);
			path = GoogleSheetSearchUITests;
			sourceTree = "<group>";
		};
/* End PBXGroup section */

/* Begin PBXNativeTarget section */
		4B138DCF2CFF9EF5008286D5 /* GoogleSheetSearch */ = {
			isa = PBXNativeTarget;
			buildConfigurationList = 4B138DF52CFF9EF6008286D5 /* Build configuration list for PBXNativeTarget "GoogleSheetSearch" */;
			buildPhases = (
				4B138DCC2CFF9EF5008286D5 /* Sources */,
				4B138DCD2CFF9EF5008286D5 /* Frameworks */,
				4B138DCE2CFF9EF5008286D5 /* Resources */,
			);
			buildRules = (
			);
			dependencies = (
			);
			name = GoogleSheetSearch;
			packageProductDependencies = (
				4B138DFF2CFF9FDE008286D5 /* SwiftSoup */,
				4B6B72AB2D26F9AA00C2A470 /* URLImage */,
				4B6B72AD2D26F9AA00C2A470 /* URLImageStore */,
			);
			productName = GoogleSheetSearch;
			productReference = 4B138DD02CFF9EF5008286D5 /* GoogleSheetSearch.app */;
			productType = "com.apple.product-type.application";
		};
		4B138DE02CFF9EF6008286D5 /* GoogleSheetSearchTests */ = {
			isa = PBXNativeTarget;
			buildConfigurationList = 4B138DF82CFF9EF6008286D5 /* Build configuration list for PBXNativeTarget "GoogleSheetSearchTests" */;
			buildPhases = (
				4B138DDD2CFF9EF6008286D5 /* Sources */,
				4B138DDE2CFF9EF6008286D5 /* Frameworks */,
				4B138DDF2CFF9EF6008286D5 /* Resources */,
			);
			buildRules = (
			);
			dependencies = (
				4B138DE32CFF9EF6008286D5 /* PBXTargetDependency */,
			);
			name = GoogleSheetSearchTests;
			productName = GoogleSheetSearchTests;
			productReference = 4B138DE12CFF9EF6008286D5 /* GoogleSheetSearchTests.xctest */;
			productType = "com.apple.product-type.bundle.unit-test";
		};
		4B138DEA2CFF9EF6008286D5 /* GoogleSheetSearchUITests */ = {
			isa = PBXNativeTarget;
			buildConfigurationList = 4B138DFB2CFF9EF6008286D5 /* Build configuration list for PBXNativeTarget "GoogleSheetSearchUITests" */;
			buildPhases = (
				4B138DE72CFF9EF6008286D5 /* Sources */,
				4B138DE82CFF9EF6008286D5 /* Frameworks */,
				4B138DE92CFF9EF6008286D5 /* Resources */,
			);
			buildRules = (
			);
			dependencies = (
				4B138DED2CFF9EF6008286D5 /* PBXTargetDependency */,
			);
			name = GoogleSheetSearchUITests;
			productName = GoogleSheetSearchUITests;
			productReference = 4B138DEB2CFF9EF6008286D5 /* GoogleSheetSearchUITests.xctest */;
			productType = "com.apple.product-type.bundle.ui-testing";
		};
/* End PBXNativeTarget section */

/* Begin PBXProject section */
		4B138DC82CFF9EF5008286D5 /* Project object */ = {
			isa = PBXProject;
			attributes = {
				BuildIndependentTargetsInParallel = 1;
				LastSwiftUpdateCheck = 1430;
				LastUpgradeCheck = 1430;
				TargetAttributes = {
					4B138DCF2CFF9EF5008286D5 = {
						CreatedOnToolsVersion = 14.3.1;
					};
					4B138DE02CFF9EF6008286D5 = {
						CreatedOnToolsVersion = 14.3.1;
						TestTargetID = 4B138DCF2CFF9EF5008286D5;
					};
					4B138DEA2CFF9EF6008286D5 = {
						CreatedOnToolsVersion = 14.3.1;
						TestTargetID = 4B138DCF2CFF9EF5008286D5;
					};
				};
			};
			buildConfigurationList = 4B138DCB2CFF9EF5008286D5 /* Build configuration list for PBXProject "GoogleSheetSearch" */;
			compatibilityVersion = "Xcode 14.0";
			developmentRegion = en;
			hasScannedForEncodings = 0;
			knownRegions = (
				en,
				Base,
			);
			mainGroup = 4B138DC72CFF9EF5008286D5;
			packageReferences = (
				4B138DFE2CFF9FDE008286D5 /* XCRemoteSwiftPackageReference "SwiftSoup" */,
				4B6B72AA2D26F9AA00C2A470 /* XCRemoteSwiftPackageReference "url-image" */,
			);
			productRefGroup = 4B138DD12CFF9EF5008286D5 /* Products */;
			projectDirPath = "";
			projectRoot = "";
			targets = (
				4B138DCF2CFF9EF5008286D5 /* GoogleSheetSearch */,
				4B138DE02CFF9EF6008286D5 /* GoogleSheetSearchTests */,
				4B138DEA2CFF9EF6008286D5 /* GoogleSheetSearchUITests */,
			);
		};
/* End PBXProject section */

/* Begin PBXResourcesBuildPhase section */
		4B138DCE2CFF9EF5008286D5 /* Resources */ = {
			isa = PBXResourcesBuildPhase;
			buildActionMask = 2147483647;
			files = (
				4B138DDB2CFF9EF6008286D5 /* Preview Assets.xcassets in Resources */,
				4B138DD82CFF9EF6008286D5 /* Assets.xcassets in Resources */,
			);
			runOnlyForDeploymentPostprocessing = 0;
		};
		4B138DDF2CFF9EF6008286D5 /* Resources */ = {
			isa = PBXResourcesBuildPhase;
			buildActionMask = 2147483647;
			files = (
			);
			runOnlyForDeploymentPostprocessing = 0;
		};
		4B138DE92CFF9EF6008286D5 /* Resources */ = {
			isa = PBXResourcesBuildPhase;
			buildActionMask = 2147483647;
			files = (
			);
			runOnlyForDeploymentPostprocessing = 0;
		};
/* End PBXResourcesBuildPhase section */

/* Begin PBXSourcesBuildPhase section */
		4B138DCC2CFF9EF5008286D5 /* Sources */ = {
			isa = PBXSourcesBuildPhase;
			buildActionMask = 2147483647;
			files = (
				4B6B72A52D249BE200C2A470 /* Notifications.swift in Sources */,
				4B138DD62CFF9EF5008286D5 /* ContentView.swift in Sources */,
				4B6B72A32D245DE000C2A470 /* LoginModalView.swift in Sources */,
				4B138DD42CFF9EF5008286D5 /* GoogleSheetSearchApp.swift in Sources */,
				4B138E022CFF9FFC008286D5 /* GoogleSheetsParser.swift in Sources */,
				4B6B72B02D2709C900C2A470 /* MenuBarManager.swift in Sources */,
				4B6B72A12D24506A00C2A470 /* LoginView.swift in Sources */,
				4B6B72A72D26D61500C2A470 /* SignupFormView.swift in Sources */,
			);
			runOnlyForDeploymentPostprocessing = 0;
		};
		4B138DDD2CFF9EF6008286D5 /* Sources */ = {
			isa = PBXSourcesBuildPhase;
			buildActionMask = 2147483647;
			files = (
				4B138DE62CFF9EF6008286D5 /* GoogleSheetSearchTests.swift in Sources */,
			);
			runOnlyForDeploymentPostprocessing = 0;
		};
		4B138DE72CFF9EF6008286D5 /* Sources */ = {
			isa = PBXSourcesBuildPhase;
			buildActionMask = 2147483647;
			files = (
				4B138DF02CFF9EF6008286D5 /* GoogleSheetSearchUITests.swift in Sources */,
				4B138DF22CFF9EF6008286D5 /* GoogleSheetSearchUITestsLaunchTests.swift in Sources */,
			);
			runOnlyForDeploymentPostprocessing = 0;
		};
/* End PBXSourcesBuildPhase section */

/* Begin PBXTargetDependency section */
		4B138DE32CFF9EF6008286D5 /* PBXTargetDependency */ = {
			isa = PBXTargetDependency;
			target = 4B138DCF2CFF9EF5008286D5 /* GoogleSheetSearch */;
			targetProxy = 4B138DE22CFF9EF6008286D5 /* PBXContainerItemProxy */;
		};
		4B138DED2CFF9EF6008286D5 /* PBXTargetDependency */ = {
			isa = PBXTargetDependency;
			target = 4B138DCF2CFF9EF5008286D5 /* GoogleSheetSearch */;
			targetProxy = 4B138DEC2CFF9EF6008286D5 /* PBXContainerItemProxy */;
		};
/* End PBXTargetDependency section */

/* Begin XCBuildConfiguration section */
		4B138DF32CFF9EF6008286D5 /* Debug */ = {
			isa = XCBuildConfiguration;
			buildSettings = {
				ALWAYS_SEARCH_USER_PATHS = NO;
				CLANG_ANALYZER_NONNULL = YES;
				CLANG_ANALYZER_NUMBER_OBJECT_CONVERSION = YES_AGGRESSIVE;
				CLANG_CXX_LANGUAGE_STANDARD = "gnu++20";
				CLANG_ENABLE_MODULES = YES;
				CLANG_ENABLE_OBJC_ARC = YES;
				CLANG_ENABLE_OBJC_WEAK = YES;
				CLANG_WARN_BLOCK_CAPTURE_AUTORELEASING = YES;
				CLANG_WARN_BOOL_CONVERSION = YES;
				CLANG_WARN_COMMA = YES;
				CLANG_WARN_CONSTANT_CONVERSION = YES;
				CLANG_WARN_DEPRECATED_OBJC_IMPLEMENTATIONS = YES;
				CLANG_WARN_DIRECT_OBJC_ISA_USAGE = YES_ERROR;
				CLANG_WARN_DOCUMENTATION_COMMENTS = YES;
				CLANG_WARN_EMPTY_BODY = YES;
				CLANG_WARN_ENUM_CONVERSION = YES;
				CLANG_WARN_INFINITE_RECURSION = YES;
				CLANG_WARN_INT_CONVERSION = YES;
				CLANG_WARN_NON_LITERAL_NULL_CONVERSION = YES;
				CLANG_WARN_OBJC_IMPLICIT_RETAIN_SELF = YES;
				CLANG_WARN_OBJC_LITERAL_CONVERSION = YES;
				CLANG_WARN_OBJC_ROOT_CLASS = YES_ERROR;
				CLANG_WARN_QUOTED_INCLUDE_IN_FRAMEWORK_HEADER = YES;
				CLANG_WARN_RANGE_LOOP_ANALYSIS = YES;
				CLANG_WARN_STRICT_PROTOTYPES = YES;
				CLANG_WARN_SUSPICIOUS_MOVE = YES;
				CLANG_WARN_UNGUARDED_AVAILABILITY = YES_AGGRESSIVE;
				CLANG_WARN_UNREACHABLE_CODE = YES;
				CLANG_WARN__DUPLICATE_METHOD_MATCH = YES;
				COPY_PHASE_STRIP = NO;
				DEBUG_INFORMATION_FORMAT = dwarf;
				ENABLE_STRICT_OBJC_MSGSEND = YES;
				ENABLE_TESTABILITY = YES;
				GCC_C_LANGUAGE_STANDARD = gnu11;
				GCC_DYNAMIC_NO_PIC = NO;
				GCC_NO_COMMON_BLOCKS = YES;
				GCC_OPTIMIZATION_LEVEL = 0;
				GCC_PREPROCESSOR_DEFINITIONS = (
					"DEBUG=1",
					"$(inherited)",
				);
				GCC_WARN_64_TO_32_BIT_CONVERSION = YES;
				GCC_WARN_ABOUT_RETURN_TYPE = YES_ERROR;
				GCC_WARN_UNDECLARED_SELECTOR = YES;
				GCC_WARN_UNINITIALIZED_AUTOS = YES_AGGRESSIVE;
				GCC_WARN_UNUSED_FUNCTION = YES;
				GCC_WARN_UNUSED_VARIABLE = YES;
				MACOSX_DEPLOYMENT_TARGET = 13.3;
				MTL_ENABLE_DEBUG_INFO = INCLUDE_SOURCE;
				MTL_FAST_MATH = YES;
				ONLY_ACTIVE_ARCH = YES;
				SDKROOT = macosx;
				SWIFT_ACTIVE_COMPILATION_CONDITIONS = DEBUG;
				SWIFT_OPTIMIZATION_LEVEL = "-Onone";
			};
			name = Debug;
		};
		4B138DF42CFF9EF6008286D5 /* Release */ = {
			isa = XCBuildConfiguration;
			buildSettings = {
				ALWAYS_SEARCH_USER_PATHS = NO;
				CLANG_ANALYZER_NONNULL = YES;
				CLANG_ANALYZER_NUMBER_OBJECT_CONVERSION = YES_AGGRESSIVE;
				CLANG_CXX_LANGUAGE_STANDARD = "gnu++20";
				CLANG_ENABLE_MODULES = YES;
				CLANG_ENABLE_OBJC_ARC = YES;
				CLANG_ENABLE_OBJC_WEAK = YES;
				CLANG_WARN_BLOCK_CAPTURE_AUTORELEASING = YES;
				CLANG_WARN_BOOL_CONVERSION = YES;
				CLANG_WARN_COMMA = YES;
				CLANG_WARN_CONSTANT_CONVERSION = YES;
				CLANG_WARN_DEPRECATED_OBJC_IMPLEMENTATIONS = YES;
				CLANG_WARN_DIRECT_OBJC_ISA_USAGE = YES_ERROR;
				CLANG_WARN_DOCUMENTATION_COMMENTS = YES;
				CLANG_WARN_EMPTY_BODY = YES;
				CLANG_WARN_ENUM_CONVERSION = YES;
				CLANG_WARN_INFINITE_RECURSION = YES;
				CLANG_WARN_INT_CONVERSION = YES;
				CLANG_WARN_NON_LITERAL_NULL_CONVERSION = YES;
				CLANG_WARN_OBJC_IMPLICIT_RETAIN_SELF = YES;
				CLANG_WARN_OBJC_LITERAL_CONVERSION = YES;
				CLANG_WARN_OBJC_ROOT_CLASS = YES_ERROR;
				CLANG_WARN_QUOTED_INCLUDE_IN_FRAMEWORK_HEADER = YES;
				CLANG_WARN_RANGE_LOOP_ANALYSIS = YES;
				CLANG_WARN_STRICT_PROTOTYPES = YES;
				CLANG_WARN_SUSPICIOUS_MOVE = YES;
				CLANG_WARN_UNGUARDED_AVAILABILITY = YES_AGGRESSIVE;
				CLANG_WARN_UNREACHABLE_CODE = YES;
				CLANG_WARN__DUPLICATE_METHOD_MATCH = YES;
				COPY_PHASE_STRIP = NO;
				DEBUG_INFORMATION_FORMAT = "dwarf-with-dsym";
				ENABLE_NS_ASSERTIONS = NO;
				ENABLE_STRICT_OBJC_MSGSEND = YES;
				GCC_C_LANGUAGE_STANDARD = gnu11;
				GCC_NO_COMMON_BLOCKS = YES;
				GCC_WARN_64_TO_32_BIT_CONVERSION = YES;
				GCC_WARN_ABOUT_RETURN_TYPE = YES_ERROR;
				GCC_WARN_UNDECLARED_SELECTOR = YES;
				GCC_WARN_UNINITIALIZED_AUTOS = YES_AGGRESSIVE;
				GCC_WARN_UNUSED_FUNCTION = YES;
				GCC_WARN_UNUSED_VARIABLE = YES;
				MACOSX_DEPLOYMENT_TARGET = 13.3;
				MTL_ENABLE_DEBUG_INFO = NO;
				MTL_FAST_MATH = YES;
				SDKROOT = macosx;
				SWIFT_COMPILATION_MODE = wholemodule;
				SWIFT_OPTIMIZATION_LEVEL = "-O";
			};
			name = Release;
		};
		4B138DF62CFF9EF6008286D5 /* Debug */ = {
			isa = XCBuildConfiguration;
			buildSettings = {
				ASSETCATALOG_COMPILER_APPICON_NAME = AppIcon;
				ASSETCATALOG_COMPILER_GLOBAL_ACCENT_COLOR_NAME = AccentColor;
				CODE_SIGN_ENTITLEMENTS = GoogleSheetSearch/GoogleSheetSearch.entitlements;
				CODE_SIGN_IDENTITY = "Apple Development";
				CODE_SIGN_STYLE = Automatic;
				COMBINE_HIDPI_IMAGES = YES;
				CURRENT_PROJECT_VERSION = 1;
				DEVELOPMENT_ASSET_PATHS = "\"GoogleSheetSearch/Preview Content\"";
				DEVELOPMENT_TEAM = 69WS3M5MDW;
				ENABLE_HARDENED_RUNTIME = YES;
				ENABLE_PREVIEWS = YES;
				GENERATE_INFOPLIST_FILE = YES;
				INFOPLIST_FILE = GoogleSheetSearch/Info.plist;
				INFOPLIST_KEY_LSApplicationCategoryType = "public.app-category.utilities";
				INFOPLIST_KEY_NSHumanReadableCopyright = "";
				LD_RUNPATH_SEARCH_PATHS = (
					"$(inherited)",
					"@executable_path/../Frameworks",
				);
				MACOSX_DEPLOYMENT_TARGET = 13.0;
				MARKETING_VERSION = 1.0;
				PRODUCT_BUNDLE_IDENTIFIER = com.DMVB.GoogleSheetSearch.GoogleSheetSearch;
				PRODUCT_NAME = "$(TARGET_NAME)";
				PROVISIONING_PROFILE_SPECIFIER = "";
				SWIFT_EMIT_LOC_STRINGS = YES;
				SWIFT_VERSION = 5.0;
			};
			name = Debug;
		};
		4B138DF72CFF9EF6008286D5 /* Release */ = {
			isa = XCBuildConfiguration;
			buildSettings = {
				ASSETCATALOG_COMPILER_APPICON_NAME = AppIcon;
				ASSETCATALOG_COMPILER_GLOBAL_ACCENT_COLOR_NAME = AccentColor;
				CODE_SIGN_ENTITLEMENTS = GoogleSheetSearch/GoogleSheetSearch.entitlements;
				CODE_SIGN_IDENTITY = "Apple Development";
				CODE_SIGN_STYLE = Automatic;
				COMBINE_HIDPI_IMAGES = YES;
				CURRENT_PROJECT_VERSION = 1;
				DEVELOPMENT_ASSET_PATHS = "\"GoogleSheetSearch/Preview Content\"";
				DEVELOPMENT_TEAM = 69WS3M5MDW;
				ENABLE_HARDENED_RUNTIME = YES;
				ENABLE_PREVIEWS = YES;
				GENERATE_INFOPLIST_FILE = YES;
				INFOPLIST_FILE = GoogleSheetSearch/Info.plist;
				INFOPLIST_KEY_LSApplicationCategoryType = "public.app-category.utilities";
				INFOPLIST_KEY_NSHumanReadableCopyright = "";
				LD_RUNPATH_SEARCH_PATHS = (
					"$(inherited)",
					"@executable_path/../Frameworks",
				);
				MACOSX_DEPLOYMENT_TARGET = 13.0;
				MARKETING_VERSION = 1.0;
				PRODUCT_BUNDLE_IDENTIFIER = com.DMVB.GoogleSheetSearch.GoogleSheetSearch;
				PRODUCT_NAME = "$(TARGET_NAME)";
				PROVISIONING_PROFILE_SPECIFIER = "";
				SWIFT_EMIT_LOC_STRINGS = YES;
				SWIFT_VERSION = 5.0;
			};
			name = Release;
		};
		4B138DF92CFF9EF6008286D5 /* Debug */ = {
			isa = XCBuildConfiguration;
			buildSettings = {
				ALWAYS_EMBED_SWIFT_STANDARD_LIBRARIES = YES;
				BUNDLE_LOADER = "$(TEST_HOST)";
				CODE_SIGN_STYLE = Automatic;
				CURRENT_PROJECT_VERSION = 1;
				DEVELOPMENT_TEAM = 69WS3M5MDW;
				GENERATE_INFOPLIST_FILE = YES;
				MACOSX_DEPLOYMENT_TARGET = 13.3;
				MARKETING_VERSION = 1.0;
				PRODUCT_BUNDLE_IDENTIFIER = com.DMVB.GoogleSheetSearch.GoogleSheetSearchTests;
				PRODUCT_NAME = "$(TARGET_NAME)";
				SWIFT_EMIT_LOC_STRINGS = NO;
				SWIFT_VERSION = 5.0;
				TEST_HOST = "$(BUILT_PRODUCTS_DIR)/GoogleSheetSearch.app/$(BUNDLE_EXECUTABLE_FOLDER_PATH)/GoogleSheetSearch";
			};
			name = Debug;
		};
		4B138DFA2CFF9EF6008286D5 /* Release */ = {
			isa = XCBuildConfiguration;
			buildSettings = {
				ALWAYS_EMBED_SWIFT_STANDARD_LIBRARIES = YES;
				BUNDLE_LOADER = "$(TEST_HOST)";
				CODE_SIGN_STYLE = Automatic;
				CURRENT_PROJECT_VERSION = 1;
				DEVELOPMENT_TEAM = 69WS3M5MDW;
				GENERATE_INFOPLIST_FILE = YES;
				MACOSX_DEPLOYMENT_TARGET = 13.3;
				MARKETING_VERSION = 1.0;
				PRODUCT_BUNDLE_IDENTIFIER = com.DMVB.GoogleSheetSearch.GoogleSheetSearchTests;
				PRODUCT_NAME = "$(TARGET_NAME)";
				SWIFT_EMIT_LOC_STRINGS = NO;
				SWIFT_VERSION = 5.0;
				TEST_HOST = "$(BUILT_PRODUCTS_DIR)/GoogleSheetSearch.app/$(BUNDLE_EXECUTABLE_FOLDER_PATH)/GoogleSheetSearch";
			};
			name = Release;
		};
		4B138DFC2CFF9EF6008286D5 /* Debug */ = {
			isa = XCBuildConfiguration;
			buildSettings = {
				ALWAYS_EMBED_SWIFT_STANDARD_LIBRARIES = YES;
				CODE_SIGN_STYLE = Automatic;
				CURRENT_PROJECT_VERSION = 1;
				DEVELOPMENT_TEAM = 69WS3M5MDW;
				GENERATE_INFOPLIST_FILE = YES;
				MARKETING_VERSION = 1.0;
				PRODUCT_BUNDLE_IDENTIFIER = com.DMVB.GoogleSheetSearch.GoogleSheetSearchUITests;
				PRODUCT_NAME = "$(TARGET_NAME)";
				SWIFT_EMIT_LOC_STRINGS = NO;
				SWIFT_VERSION = 5.0;
				TEST_TARGET_NAME = GoogleSheetSearch;
			};
			name = Debug;
		};
		4B138DFD2CFF9EF6008286D5 /* Release */ = {
			isa = XCBuildConfiguration;
			buildSettings = {
				ALWAYS_EMBED_SWIFT_STANDARD_LIBRARIES = YES;
				CODE_SIGN_STYLE = Automatic;
				CURRENT_PROJECT_VERSION = 1;
				DEVELOPMENT_TEAM = 69WS3M5MDW;
				GENERATE_INFOPLIST_FILE = YES;
				MARKETING_VERSION = 1.0;
				PRODUCT_BUNDLE_IDENTIFIER = com.DMVB.GoogleSheetSearch.GoogleSheetSearchUITests;
				PRODUCT_NAME = "$(TARGET_NAME)";
				SWIFT_EMIT_LOC_STRINGS = NO;
				SWIFT_VERSION = 5.0;
				TEST_TARGET_NAME = GoogleSheetSearch;
			};
			name = Release;
		};
/* End XCBuildConfiguration section */

/* Begin XCConfigurationList section */
		4B138DCB2CFF9EF5008286D5 /* Build configuration list for PBXProject "GoogleSheetSearch" */ = {
			isa = XCConfigurationList;
			buildConfigurations = (
				4B138DF32CFF9EF6008286D5 /* Debug */,
				4B138DF42CFF9EF6008286D5 /* Release */,
			);
			defaultConfigurationIsVisible = 0;
			defaultConfigurationName = Release;
		};
		4B138DF52CFF9EF6008286D5 /* Build configuration list for PBXNativeTarget "GoogleSheetSearch" */ = {
			isa = XCConfigurationList;
			buildConfigurations = (
				4B138DF62CFF9EF6008286D5 /* Debug */,
				4B138DF72CFF9EF6008286D5 /* Release */,
			);
			defaultConfigurationIsVisible = 0;
			defaultConfigurationName = Release;
		};
		4B138DF82CFF9EF6008286D5 /* Build configuration list for PBXNativeTarget "GoogleSheetSearchTests" */ = {
			isa = XCConfigurationList;
			buildConfigurations = (
				4B138DF92CFF9EF6008286D5 /* Debug */,
				4B138DFA2CFF9EF6008286D5 /* Release */,
			);
			defaultConfigurationIsVisible = 0;
			defaultConfigurationName = Release;
		};
		4B138DFB2CFF9EF6008286D5 /* Build configuration list for PBXNativeTarget "GoogleSheetSearchUITests" */ = {
			isa = XCConfigurationList;
			buildConfigurations = (
				4B138DFC2CFF9EF6008286D5 /* Debug */,
				4B138DFD2CFF9EF6008286D5 /* Release */,
			);
			defaultConfigurationIsVisible = 0;
			defaultConfigurationName = Release;
		};
/* End XCConfigurationList section */

/* Begin XCRemoteSwiftPackageReference section */
		4B138DFE2CFF9FDE008286D5 /* XCRemoteSwiftPackageReference "SwiftSoup" */ = {
			isa = XCRemoteSwiftPackageReference;
			repositoryURL = "https://github.com/scinfu/SwiftSoup";
			requirement = {
				kind = upToNextMajorVersion;
				minimumVersion = 2.0.0;
			};
		};
		4B6B72AA2D26F9AA00C2A470 /* XCRemoteSwiftPackageReference "url-image" */ = {
			isa = XCRemoteSwiftPackageReference;
			repositoryURL = "https://github.com/dmytro-anokhin/url-image.git";
			requirement = {
				kind = upToNextMajorVersion;
				minimumVersion = 3.0.0;
			};
		};
/* End XCRemoteSwiftPackageReference section */

/* Begin XCSwiftPackageProductDependency section */
		4B138DFF2CFF9FDE008286D5 /* SwiftSoup */ = {
			isa = XCSwiftPackageProductDependency;
			package = 4B138DFE2CFF9FDE008286D5 /* XCRemoteSwiftPackageReference "SwiftSoup" */;
			productName = SwiftSoup;
		};
		4B6B72AB2D26F9AA00C2A470 /* URLImage */ = {
			isa = XCSwiftPackageProductDependency;
			package = 4B6B72AA2D26F9AA00C2A470 /* XCRemoteSwiftPackageReference "url-image" */;
			productName = URLImage;
		};
		4B6B72AD2D26F9AA00C2A470 /* URLImageStore */ = {
			isa = XCSwiftPackageProductDependency;
			package = 4B6B72AA2D26F9AA00C2A470 /* XCRemoteSwiftPackageReference "url-image" */;
			productName = URLImageStore;
		};
/* End XCSwiftPackageProductDependency section */
	};
	rootObject = 4B138DC82CFF9EF5008286D5 /* Project object */;
}
